
Microsoft Visual Studio Solution File, Format Version 12.00
# Visual Studio 15
VisualStudioVersion = 15.0.28307.852
MinimumVisualStudioVersion = 10.0.40219.1
Project("{FAE04EC0-301F-11D3-BF4B-00C04F79EFBC}") = "Gym.Android", "Gym\Gym.Android\Gym.Android.csproj", "{01321EE8-4C7B-488D-9A05-D22161C63299}"
EndProject
Project("{FAE04EC0-301F-11D3-BF4B-00C04F79EFBC}") = "Gym", "Gym\Gym\Gym.csproj", "{1CF8BFCF-240F-476F-8429-852350800399}"
EndProject
Global
	GlobalSection(SolutionConfigurationPlatforms) = preSolution
		Debug|Any CPU = Debug|Any CPU
		Release|Any CPU = Release|Any CPU
	EndGlobalSection
	GlobalSection(ProjectConfigurationPlatforms) = postSolution
		{01321EE8-4C7B-488D-9A05-D22161C63299}.Debug|Any CPU.ActiveCfg = Debug|Any CPU
		{01321EE8-4C7B-488D-9A05-D22161C63299}.Debug|Any CPU.Build.0 = Debug|Any CPU
		{01321EE8-4C7B-488D-9A05-D22161C63299}.Debug|Any CPU.Deploy.0 = Debug|Any CPU
		{01321EE8-4C7B-488D-9A05-D22161C63299}.Release|Any CPU.ActiveCfg = Release|Any CPU
		{01321EE8-4C7B-488D-9A05-D22161C63299}.Release|Any CPU.Build.0 = Release|Any CPU
		{01321EE8-4C7B-488D-9A05-D22161C63299}.Release|Any CPU.Deploy.0 = Release|Any CPU
		{1CF8BFCF-240F-476F-8429-852350800399}.Debug|Any CPU.ActiveCfg = Debug|Any CPU
		{1CF8BFCF-240F-476F-8429-852350800399}.Debug|Any CPU.Build.0 = Debug|Any CPU
		{1CF8BFCF-240F-476F-8429-852350800399}.Debug|Any CPU.Deploy.0 = Debug|Any CPU
		{1CF8BFCF-240F-476F-8429-852350800399}.Release|Any CPU.ActiveCfg = Release|Any CPU
		{1CF8BFCF-240F-476F-8429-852350800399}.Release|Any CPU.Build.0 = Release|Any CPU
		{1CF8BFCF-240F-476F-8429-852350800399}.Release|Any CPU.Deploy.0 = Release|Any CPU
	EndGlobalSection
	GlobalSection(SolutionProperties) = preSolution
		HideSolutionNode = FALSE
	EndGlobalSection
	GlobalSection(ExtensibilityGlobals) = postSolution
		SolutionGuid = {FCAB7AD7-12FF-4095-A190-A5E55C4ED6EB}
	EndGlobalSection
EndGlobal
